// !$*UTF8*$!
{
	archiveVersion = 1;
	classes = {
	};
	objectVersion = 46;
	objects = {

/* Begin PBXBuildFile section */
		0ADB0EAE1AEDCFEF00D0905A /* TipsCurriculum.plist in Resources */ = {isa = PBXBuildFile; fileRef = 0ADB0EAD1AEDCFEF00D0905A /* TipsCurriculum.plist */; };
		0ADB0EB11AEDD0AA00D0905A /* CustomTableViewCell.m in Sources */ = {isa = PBXBuildFile; fileRef = 0ADB0EB01AEDD0AA00D0905A /* CustomTableViewCell.m */; };
		0ADB0EB31AEE014D00D0905A /* TipsEntrevista.plist in Resources */ = {isa = PBXBuildFile; fileRef = 0ADB0EB21AEE014D00D0905A /* TipsEntrevista.plist */; };
		0ADB0EB61AEE078D00D0905A /* DetailEntrevistaViewController.m in Sources */ = {isa = PBXBuildFile; fileRef = 0ADB0EB51AEE078C00D0905A /* DetailEntrevistaViewController.m */; };
		0ADB0EB91AEE29B000D0905A /* DetailCurriculumViewController.m in Sources */ = {isa = PBXBuildFile; fileRef = 0ADB0EB81AEE29B000D0905A /* DetailCurriculumViewController.m */; };
		87021A871AD5D9CB0033D6CE /* main.m in Sources */ = {isa = PBXBuildFile; fileRef = 87021A861AD5D9CB0033D6CE /* main.m */; };
		87021A8A1AD5D9CB0033D6CE /* AppDelegate.m in Sources */ = {isa = PBXBuildFile; fileRef = 87021A891AD5D9CB0033D6CE /* AppDelegate.m */; };
		87021A8D1AD5D9CB0033D6CE /* ViewController.m in Sources */ = {isa = PBXBuildFile; fileRef = 87021A8C1AD5D9CB0033D6CE /* ViewController.m */; };
		87021A901AD5D9CB0033D6CE /* Main.storyboard in Resources */ = {isa = PBXBuildFile; fileRef = 87021A8E1AD5D9CB0033D6CE /* Main.storyboard */; };
		87021A921AD5D9CB0033D6CE /* Images.xcassets in Resources */ = {isa = PBXBuildFile; fileRef = 87021A911AD5D9CB0033D6CE /* Images.xcassets */; };
		87021A951AD5D9CB0033D6CE /* LaunchScreen.xib in Resources */ = {isa = PBXBuildFile; fileRef = 87021A931AD5D9CB0033D6CE /* LaunchScreen.xib */; };
		87021AA11AD5D9CB0033D6CE /* App_CVCTests.m in Sources */ = {isa = PBXBuildFile; fileRef = 87021AA01AD5D9CB0033D6CE /* App_CVCTests.m */; };
		87021AB11AD5E4720033D6CE /* botonEntrevista.png in Resources */ = {isa = PBXBuildFile; fileRef = 87021AB01AD5E4720033D6CE /* botonEntrevista.png */; };
		87021AB31AD5E47B0033D6CE /* botonPVC.png in Resources */ = {isa = PBXBuildFile; fileRef = 87021AB21AD5E47B0033D6CE /* botonPVC.png */; };
		87021AB51AD5E4810033D6CE /* botonCurriculum.png in Resources */ = {isa = PBXBuildFile; fileRef = 87021AB41AD5E4810033D6CE /* botonCurriculum.png */; };
		87021AB71AD5E4880033D6CE /* botonAvisos.png in Resources */ = {isa = PBXBuildFile; fileRef = 87021AB61AD5E4880033D6CE /* botonAvisos.png */; };
		87021AC31AD613640033D6CE /* TipsCurriculumTableViewController.m in Sources */ = {isa = PBXBuildFile; fileRef = 87021AC21AD613640033D6CE /* TipsCurriculumTableViewController.m */; };
		87223A7B1ADDD4D700DAC2FF /* close.png in Resources */ = {isa = PBXBuildFile; fileRef = 87223A7A1ADDD4D700DAC2FF /* close.png */; };
		873F56E61AF2C890001B0F97 /* CVC-Logo.png in Resources */ = {isa = PBXBuildFile; fileRef = 873F56E51AF2C890001B0F97 /* CVC-Logo.png */; };
		873F56EA1AF2D036001B0F97 /* logoTecBlanco.png in Resources */ = {isa = PBXBuildFile; fileRef = 873F56E91AF2D036001B0F97 /* logoTecBlanco.png */; };
		87B29B631AF5CDA0006EDB02 /* Avisos.plist in Resources */ = {isa = PBXBuildFile; fileRef = 87B29B5E1AF5CDA0006EDB02 /* Avisos.plist */; };
		87B29B641AF5CDA0006EDB02 /* AvisosTableViewController.m in Sources */ = {isa = PBXBuildFile; fileRef = 87B29B601AF5CDA0006EDB02 /* AvisosTableViewController.m */; };
		87B29B651AF5CDA0006EDB02 /* AvisoViewController.m in Sources */ = {isa = PBXBuildFile; fileRef = 87B29B621AF5CDA0006EDB02 /* AvisoViewController.m */; };
		87B53D091ADCC08C0039FFB3 /* PVCViewController.m in Sources */ = {isa = PBXBuildFile; fileRef = 87021ABC1AD5F6240033D6CE /* PVCViewController.m */; };
		87BA621C1AE60CB00083543B /* 1act.png in Resources */ = {isa = PBXBuildFile; fileRef = 87BA62111AE60CB00083543B /* 1act.png */; };
		87BA621D1AE60CB00083543B /* 10act.png in Resources */ = {isa = PBXBuildFile; fileRef = 87BA62121AE60CB00083543B /* 10act.png */; };
		87BA621E1AE60CB00083543B /* 11act.png in Resources */ = {isa = PBXBuildFile; fileRef = 87BA62131AE60CB00083543B /* 11act.png */; };
		87BA621F1AE60CB00083543B /* 2act.png in Resources */ = {isa = PBXBuildFile; fileRef = 87BA62141AE60CB00083543B /* 2act.png */; };
		87BA62201AE60CB00083543B /* 3act.png in Resources */ = {isa = PBXBuildFile; fileRef = 87BA62151AE60CB00083543B /* 3act.png */; };
		87BA62211AE60CB00083543B /* 4act.png in Resources */ = {isa = PBXBuildFile; fileRef = 87BA62161AE60CB00083543B /* 4act.png */; };
		87BA62221AE60CB00083543B /* 5act.png in Resources */ = {isa = PBXBuildFile; fileRef = 87BA62171AE60CB00083543B /* 5act.png */; };
		87BA62231AE60CB00083543B /* 6act.png in Resources */ = {isa = PBXBuildFile; fileRef = 87BA62181AE60CB00083543B /* 6act.png */; };
		87BA62241AE60CB00083543B /* 7act.png in Resources */ = {isa = PBXBuildFile; fileRef = 87BA62191AE60CB00083543B /* 7act.png */; };
		87BA62251AE60CB00083543B /* 8act.png in Resources */ = {isa = PBXBuildFile; fileRef = 87BA621A1AE60CB00083543B /* 8act.png */; };
		87BA62261AE60CB00083543B /* 9act.png in Resources */ = {isa = PBXBuildFile; fileRef = 87BA621B1AE60CB00083543B /* 9act.png */; };
		87C50EDA1AF68AB80065DA1A /* TipsEntrevistaTableViewController.m in Sources */ = {isa = PBXBuildFile; fileRef = 87021ABF1AD6131D0033D6CE /* TipsEntrevistaTableViewController.m */; };
		87C50EE71AF68C5E0065DA1A /* n1.jpg in Resources */ = {isa = PBXBuildFile; fileRef = 87C50EDC1AF68C5E0065DA1A /* n1.jpg */; };
		87C50EE81AF68C5E0065DA1A /* n2.png in Resources */ = {isa = PBXBuildFile; fileRef = 87C50EDD1AF68C5E0065DA1A /* n2.png */; };
		87C50EE91AF68C5E0065DA1A /* n3.png in Resources */ = {isa = PBXBuildFile; fileRef = 87C50EDE1AF68C5E0065DA1A /* n3.png */; };
		87C50EEA1AF68C5E0065DA1A /* n4.png in Resources */ = {isa = PBXBuildFile; fileRef = 87C50EDF1AF68C5E0065DA1A /* n4.png */; };
		87C50EEB1AF68C5E0065DA1A /* n5.png in Resources */ = {isa = PBXBuildFile; fileRef = 87C50EE01AF68C5E0065DA1A /* n5.png */; };
		87C50EEC1AF68C5E0065DA1A /* n6.png in Resources */ = {isa = PBXBuildFile; fileRef = 87C50EE11AF68C5E0065DA1A /* n6.png */; };
		87C50EED1AF68C5E0065DA1A /* n7.png in Resources */ = {isa = PBXBuildFile; fileRef = 87C50EE21AF68C5E0065DA1A /* n7.png */; };
		87C50EEE1AF68C5E0065DA1A /* n8.png in Resources */ = {isa = PBXBuildFile; fileRef = 87C50EE31AF68C5E0065DA1A /* n8.png */; };
		87C50EEF1AF68C5E0065DA1A /* n9.png in Resources */ = {isa = PBXBuildFile; fileRef = 87C50EE41AF68C5E0065DA1A /* n9.png */; };
		87C50EF01AF68C5E0065DA1A /* n10.png in Resources */ = {isa = PBXBuildFile; fileRef = 87C50EE51AF68C5E0065DA1A /* n10.png */; };
		87C50EF11AF68C5E0065DA1A /* n11.png in Resources */ = {isa = PBXBuildFile; fileRef = 87C50EE61AF68C5E0065DA1A /* n11.png */; };
		87FB91D91AF5BE9200835584 /* 147.png in Resources */ = {isa = PBXBuildFile; fileRef = 87FB91CE1AF5BE9200835584 /* 147.png */; };
		87FB91DA1AF5BE9200835584 /* concentracion.png in Resources */ = {isa = PBXBuildFile; fileRef = 87FB91CF1AF5BE9200835584 /* concentracion.png */; };
		87FB91DC1AF5BE9200835584 /* deportivas.png in Resources */ = {isa = PBXBuildFile; fileRef = 87FB91D11AF5BE9200835584 /* deportivas.png */; };
		87FB91DE1AF5BE9200835584 /* idiomas.png in Resources */ = {isa = PBXBuildFile; fileRef = 87FB91D31AF5BE9200835584 /* idiomas.png */; };
		87FB91DF1AF5BE9200835584 /* modalidad.png in Resources */ = {isa = PBXBuildFile; fileRef = 87FB91D41AF5BE9200835584 /* modalidad.png */; };
		87FB91E01AF5BE9200835584 /* pi.png in Resources */ = {isa = PBXBuildFile; fileRef = 87FB91D51AF5BE9200835584 /* pi.png */; };
		87FB91E11AF5BE9200835584 /* rg.png in Resources */ = {isa = PBXBuildFile; fileRef = 87FB91D61AF5BE9200835584 /* rg.png */; };
		87FB91E21AF5BE9200835584 /* ssc.png in Resources */ = {isa = PBXBuildFile; fileRef = 87FB91D71AF5BE9200835584 /* ssc.png */; };
		87FB91E31AF5BE9200835584 /* ssp.png in Resources */ = {isa = PBXBuildFile; fileRef = 87FB91D81AF5BE9200835584 /* ssp.png */; };
		87FB91E71AF5C23C00835584 /* culturales.png in Resources */ = {isa = PBXBuildFile; fileRef = 87FB91E51AF5C23C00835584 /* culturales.png */; };
		87FB91E81AF5C23C00835584 /* estudiantiles.png in Resources */ = {isa = PBXBuildFile; fileRef = 87FB91E61AF5C23C00835584 /* estudiantiles.png */; };
/* End PBXBuildFile section */

/* Begin PBXContainerItemProxy section */
		87021A9B1AD5D9CB0033D6CE /* PBXContainerItemProxy */ = {
			isa = PBXContainerItemProxy;
			containerPortal = 87021A791AD5D9CB0033D6CE /* Project object */;
			proxyType = 1;
			remoteGlobalIDString = 87021A801AD5D9CB0033D6CE;
			remoteInfo = "App CVC";
		};
/* End PBXContainerItemProxy section */

/* Begin PBXFileReference section */
		0ADB0EAD1AEDCFEF00D0905A /* TipsCurriculum.plist */ = {isa = PBXFileReference; fileEncoding = 4; lastKnownFileType = text.plist.xml; path = TipsCurriculum.plist; sourceTree = "<group>"; };
		0ADB0EAF1AEDD0AA00D0905A /* CustomTableViewCell.h */ = {isa = PBXFileReference; fileEncoding = 4; lastKnownFileType = sourcecode.c.h; path = CustomTableViewCell.h; sourceTree = "<group>"; };
		0ADB0EB01AEDD0AA00D0905A /* CustomTableViewCell.m */ = {isa = PBXFileReference; fileEncoding = 4; lastKnownFileType = sourcecode.c.objc; path = CustomTableViewCell.m; sourceTree = "<group>"; };
		0ADB0EB21AEE014D00D0905A /* TipsEntrevista.plist */ = {isa = PBXFileReference; fileEncoding = 4; lastKnownFileType = text.plist.xml; path = TipsEntrevista.plist; sourceTree = "<group>"; };
		0ADB0EB41AEE078C00D0905A /* DetailEntrevistaViewController.h */ = {isa = PBXFileReference; fileEncoding = 4; lastKnownFileType = sourcecode.c.h; path = DetailEntrevistaViewController.h; sourceTree = "<group>"; };
		0ADB0EB51AEE078C00D0905A /* DetailEntrevistaViewController.m */ = {isa = PBXFileReference; fileEncoding = 4; lastKnownFileType = sourcecode.c.objc; path = DetailEntrevistaViewController.m; sourceTree = "<group>"; };
		0ADB0EB71AEE29B000D0905A /* DetailCurriculumViewController.h */ = {isa = PBXFileReference; fileEncoding = 4; lastKnownFileType = sourcecode.c.h; path = DetailCurriculumViewController.h; sourceTree = "<group>"; };
		0ADB0EB81AEE29B000D0905A /* DetailCurriculumViewController.m */ = {isa = PBXFileReference; fileEncoding = 4; lastKnownFileType = sourcecode.c.objc; path = DetailCurriculumViewController.m; sourceTree = "<group>"; };
		87021A811AD5D9CB0033D6CE /* App CVC.app */ = {isa = PBXFileReference; explicitFileType = wrapper.application; includeInIndex = 0; path = "App CVC.app"; sourceTree = BUILT_PRODUCTS_DIR; };
		87021A851AD5D9CB0033D6CE /* Info.plist */ = {isa = PBXFileReference; lastKnownFileType = text.plist.xml; path = Info.plist; sourceTree = "<group>"; };
		87021A861AD5D9CB0033D6CE /* main.m */ = {isa = PBXFileReference; lastKnownFileType = sourcecode.c.objc; path = main.m; sourceTree = "<group>"; };
		87021A881AD5D9CB0033D6CE /* AppDelegate.h */ = {isa = PBXFileReference; lastKnownFileType = sourcecode.c.h; path = AppDelegate.h; sourceTree = "<group>"; };
		87021A891AD5D9CB0033D6CE /* AppDelegate.m */ = {isa = PBXFileReference; lastKnownFileType = sourcecode.c.objc; path = AppDelegate.m; sourceTree = "<group>"; };
		87021A8B1AD5D9CB0033D6CE /* ViewController.h */ = {isa = PBXFileReference; lastKnownFileType = sourcecode.c.h; path = ViewController.h; sourceTree = "<group>"; };
		87021A8C1AD5D9CB0033D6CE /* ViewController.m */ = {isa = PBXFileReference; lastKnownFileType = sourcecode.c.objc; path = ViewController.m; sourceTree = "<group>"; };
		87021A8F1AD5D9CB0033D6CE /* Base */ = {isa = PBXFileReference; lastKnownFileType = file.storyboard; name = Base; path = Base.lproj/Main.storyboard; sourceTree = "<group>"; };
		87021A911AD5D9CB0033D6CE /* Images.xcassets */ = {isa = PBXFileReference; lastKnownFileType = folder.assetcatalog; path = Images.xcassets; sourceTree = "<group>"; };
		87021A941AD5D9CB0033D6CE /* Base */ = {isa = PBXFileReference; lastKnownFileType = file.xib; name = Base; path = Base.lproj/LaunchScreen.xib; sourceTree = "<group>"; };
		87021A9A1AD5D9CB0033D6CE /* App CVCTests.xctest */ = {isa = PBXFileReference; explicitFileType = wrapper.cfbundle; includeInIndex = 0; path = "App CVCTests.xctest"; sourceTree = BUILT_PRODUCTS_DIR; };
		87021A9F1AD5D9CB0033D6CE /* Info.plist */ = {isa = PBXFileReference; lastKnownFileType = text.plist.xml; path = Info.plist; sourceTree = "<group>"; };
		87021AA01AD5D9CB0033D6CE /* App_CVCTests.m */ = {isa = PBXFileReference; lastKnownFileType = sourcecode.c.objc; path = App_CVCTests.m; sourceTree = "<group>"; };
		87021AB01AD5E4720033D6CE /* botonEntrevista.png */ = {isa = PBXFileReference; lastKnownFileType = image.png; path = botonEntrevista.png; sourceTree = "<group>"; };
		87021AB21AD5E47B0033D6CE /* botonPVC.png */ = {isa = PBXFileReference; lastKnownFileType = image.png; path = botonPVC.png; sourceTree = "<group>"; };
		87021AB41AD5E4810033D6CE /* botonCurriculum.png */ = {isa = PBXFileReference; lastKnownFileType = image.png; path = botonCurriculum.png; sourceTree = "<group>"; };
		87021AB61AD5E4880033D6CE /* botonAvisos.png */ = {isa = PBXFileReference; lastKnownFileType = image.png; path = botonAvisos.png; sourceTree = "<group>"; };
		87021ABB1AD5F6240033D6CE /* PVCViewController.h */ = {isa = PBXFileReference; fileEncoding = 4; lastKnownFileType = sourcecode.c.h; path = PVCViewController.h; sourceTree = "<group>"; };
		87021ABC1AD5F6240033D6CE /* PVCViewController.m */ = {isa = PBXFileReference; fileEncoding = 4; lastKnownFileType = sourcecode.c.objc; path = PVCViewController.m; sourceTree = "<group>"; };
		87021ABE1AD6131D0033D6CE /* TipsEntrevistaTableViewController.h */ = {isa = PBXFileReference; fileEncoding = 4; lastKnownFileType = sourcecode.c.h; path = TipsEntrevistaTableViewController.h; sourceTree = "<group>"; };
		87021ABF1AD6131D0033D6CE /* TipsEntrevistaTableViewController.m */ = {isa = PBXFileReference; fileEncoding = 4; lastKnownFileType = sourcecode.c.objc; path = TipsEntrevistaTableViewController.m; sourceTree = "<group>"; };
		87021AC11AD613640033D6CE /* TipsCurriculumTableViewController.h */ = {isa = PBXFileReference; fileEncoding = 4; lastKnownFileType = sourcecode.c.h; path = TipsCurriculumTableViewController.h; sourceTree = "<group>"; };
		87021AC21AD613640033D6CE /* TipsCurriculumTableViewController.m */ = {isa = PBXFileReference; fileEncoding = 4; lastKnownFileType = sourcecode.c.objc; path = TipsCurriculumTableViewController.m; sourceTree = "<group>"; };
		87223A7A1ADDD4D700DAC2FF /* close.png */ = {isa = PBXFileReference; lastKnownFileType = image.png; path = close.png; sourceTree = "<group>"; };
		873F56E51AF2C890001B0F97 /* CVC-Logo.png */ = {isa = PBXFileReference; lastKnownFileType = image.png; path = "CVC-Logo.png"; sourceTree = "<group>"; };
		873F56E91AF2D036001B0F97 /* logoTecBlanco.png */ = {isa = PBXFileReference; lastKnownFileType = image.png; path = logoTecBlanco.png; sourceTree = "<group>"; };
		87B29B5E1AF5CDA0006EDB02 /* Avisos.plist */ = {isa = PBXFileReference; fileEncoding = 4; lastKnownFileType = text.plist.xml; path = Avisos.plist; sourceTree = "<group>"; };
		87B29B5F1AF5CDA0006EDB02 /* AvisosTableViewController.h */ = {isa = PBXFileReference; fileEncoding = 4; lastKnownFileType = sourcecode.c.h; path = AvisosTableViewController.h; sourceTree = "<group>"; };
		87B29B601AF5CDA0006EDB02 /* AvisosTableViewController.m */ = {isa = PBXFileReference; fileEncoding = 4; lastKnownFileType = sourcecode.c.objc; path = AvisosTableViewController.m; sourceTree = "<group>"; };
		87B29B611AF5CDA0006EDB02 /* AvisoViewController.h */ = {isa = PBXFileReference; fileEncoding = 4; lastKnownFileType = sourcecode.c.h; path = AvisoViewController.h; sourceTree = "<group>"; };
		87B29B621AF5CDA0006EDB02 /* AvisoViewController.m */ = {isa = PBXFileReference; fileEncoding = 4; lastKnownFileType = sourcecode.c.objc; path = AvisoViewController.m; sourceTree = "<group>"; };
		87BA62111AE60CB00083543B /* 1act.png */ = {isa = PBXFileReference; lastKnownFileType = image.png; path = 1act.png; sourceTree = "<group>"; };
		87BA62121AE60CB00083543B /* 10act.png */ = {isa = PBXFileReference; lastKnownFileType = image.png; path = 10act.png; sourceTree = "<group>"; };
		87BA62131AE60CB00083543B /* 11act.png */ = {isa = PBXFileReference; lastKnownFileType = image.png; path = 11act.png; sourceTree = "<group>"; };
		87BA62141AE60CB00083543B /* 2act.png */ = {isa = PBXFileReference; lastKnownFileType = image.png; path = 2act.png; sourceTree = "<group>"; };
		87BA62151AE60CB00083543B /* 3act.png */ = {isa = PBXFileReference; lastKnownFileType = image.png; path = 3act.png; sourceTree = "<group>"; };
		87BA62161AE60CB00083543B /* 4act.png */ = {isa = PBXFileReference; lastKnownFileType = image.png; path = 4act.png; sourceTree = "<group>"; };
		87BA62171AE60CB00083543B /* 5act.png */ = {isa = PBXFileReference; lastKnownFileType = image.png; path = 5act.png; sourceTree = "<group>"; };
		87BA62181AE60CB00083543B /* 6act.png */ = {isa = PBXFileReference; lastKnownFileType = image.png; path = 6act.png; sourceTree = "<group>"; };
		87BA62191AE60CB00083543B /* 7act.png */ = {isa = PBXFileReference; lastKnownFileType = image.png; path = 7act.png; sourceTree = "<group>"; };
		87BA621A1AE60CB00083543B /* 8act.png */ = {isa = PBXFileReference; lastKnownFileType = image.png; path = 8act.png; sourceTree = "<group>"; };
		87BA621B1AE60CB00083543B /* 9act.png */ = {isa = PBXFileReference; lastKnownFileType = image.png; path = 9act.png; sourceTree = "<group>"; };
		87C50EDC1AF68C5E0065DA1A /* n1.jpg */ = {isa = PBXFileReference; lastKnownFileType = image.jpeg; path = n1.jpg; sourceTree = "<group>"; };
		87C50EDD1AF68C5E0065DA1A /* n2.png */ = {isa = PBXFileReference; lastKnownFileType = image.png; path = n2.png; sourceTree = "<group>"; };
		87C50EDE1AF68C5E0065DA1A /* n3.png */ = {isa = PBXFileReference; lastKnownFileType = image.png; path = n3.png; sourceTree = "<group>"; };
		87C50EDF1AF68C5E0065DA1A /* n4.png */ = {isa = PBXFileReference; lastKnownFileType = image.png; path = n4.png; sourceTree = "<group>"; };
		87C50EE01AF68C5E0065DA1A /* n5.png */ = {isa = PBXFileReference; lastKnownFileType = image.png; path = n5.png; sourceTree = "<group>"; };
		87C50EE11AF68C5E0065DA1A /* n6.png */ = {isa = PBXFileReference; lastKnownFileType = image.png; path = n6.png; sourceTree = "<group>"; };
		87C50EE21AF68C5E0065DA1A /* n7.png */ = {isa = PBXFileReference; lastKnownFileType = image.png; path = n7.png; sourceTree = "<group>"; };
		87C50EE31AF68C5E0065DA1A /* n8.png */ = {isa = PBXFileReference; lastKnownFileType = image.png; path = n8.png; sourceTree = "<group>"; };
		87C50EE41AF68C5E0065DA1A /* n9.png */ = {isa = PBXFileReference; lastKnownFileType = image.png; path = n9.png; sourceTree = "<group>"; };
		87C50EE51AF68C5E0065DA1A /* n10.png */ = {isa = PBXFileReference; lastKnownFileType = image.png; path = n10.png; sourceTree = "<group>"; };
		87C50EE61AF68C5E0065DA1A /* n11.png */ = {isa = PBXFileReference; lastKnownFileType = image.png; path = n11.png; sourceTree = "<group>"; };
		87FB91CE1AF5BE9200835584 /* 147.png */ = {isa = PBXFileReference; lastKnownFileType = image.png; path = 147.png; sourceTree = "<group>"; };
		87FB91CF1AF5BE9200835584 /* concentracion.png */ = {isa = PBXFileReference; lastKnownFileType = image.png; path = concentracion.png; sourceTree = "<group>"; };
		87FB91D11AF5BE9200835584 /* deportivas.png */ = {isa = PBXFileReference; lastKnownFileType = image.png; path = deportivas.png; sourceTree = "<group>"; };
		87FB91D31AF5BE9200835584 /* idiomas.png */ = {isa = PBXFileReference; lastKnownFileType = image.png; path = idiomas.png; sourceTree = "<group>"; };
		87FB91D41AF5BE9200835584 /* modalidad.png */ = {isa = PBXFileReference; lastKnownFileType = image.png; path = modalidad.png; sourceTree = "<group>"; };
		87FB91D51AF5BE9200835584 /* pi.png */ = {isa = PBXFileReference; lastKnownFileType = image.png; path = pi.png; sourceTree = "<group>"; };
		87FB91D61AF5BE9200835584 /* rg.png */ = {isa = PBXFileReference; lastKnownFileType = image.png; path = rg.png; sourceTree = "<group>"; };
		87FB91D71AF5BE9200835584 /* ssc.png */ = {isa = PBXFileReference; lastKnownFileType = image.png; path = ssc.png; sourceTree = "<group>"; };
		87FB91D81AF5BE9200835584 /* ssp.png */ = {isa = PBXFileReference; lastKnownFileType = image.png; path = ssp.png; sourceTree = "<group>"; };
		87FB91E51AF5C23C00835584 /* culturales.png */ = {isa = PBXFileReference; lastKnownFileType = image.png; path = culturales.png; sourceTree = "<group>"; };
		87FB91E61AF5C23C00835584 /* estudiantiles.png */ = {isa = PBXFileReference; lastKnownFileType = image.png; path = estudiantiles.png; sourceTree = "<group>"; };
/* End PBXFileReference section */

/* Begin PBXFrameworksBuildPhase section */
		87021A7E1AD5D9CB0033D6CE /* Frameworks */ = {
			isa = PBXFrameworksBuildPhase;
			buildActionMask = 2147483647;
			files = (
			);
			runOnlyForDeploymentPostprocessing = 0;
		};
		87021A971AD5D9CB0033D6CE /* Frameworks */ = {
			isa = PBXFrameworksBuildPhase;
			buildActionMask = 2147483647;
			files = (
			);
			runOnlyForDeploymentPostprocessing = 0;
		};
/* End PBXFrameworksBuildPhase section */

/* Begin PBXGroup section */
		87021A781AD5D9CB0033D6CE = {
			isa = PBXGroup;
			children = (
				87021A831AD5D9CB0033D6CE /* App CVC */,
				87021A9D1AD5D9CB0033D6CE /* App CVCTests */,
				87021A821AD5D9CB0033D6CE /* Products */,
			);
			sourceTree = "<group>";
		};
		87021A821AD5D9CB0033D6CE /* Products */ = {
			isa = PBXGroup;
			children = (
				87021A811AD5D9CB0033D6CE /* App CVC.app */,
				87021A9A1AD5D9CB0033D6CE /* App CVCTests.xctest */,
			);
			name = Products;
			sourceTree = "<group>";
		};
		87021A831AD5D9CB0033D6CE /* App CVC */ = {
			isa = PBXGroup;
			children = (
				87C50EDB1AF68BF00065DA1A /* imagenesTips */,
				87FB91E41AF5BE9A00835584 /* iconos */,
				873F56E41AF2C674001B0F97 /* imagenesBotones */,
				87BA62101AE60CB00083543B /* Imagenes Actividades */,
				87B53D081ADCB3FC0039FFB3 /* Resources */,
				87021A881AD5D9CB0033D6CE /* AppDelegate.h */,
				87B29B5E1AF5CDA0006EDB02 /* Avisos.plist */,
				87B29B5F1AF5CDA0006EDB02 /* AvisosTableViewController.h */,
				87B29B601AF5CDA0006EDB02 /* AvisosTableViewController.m */,
				87B29B611AF5CDA0006EDB02 /* AvisoViewController.h */,
				87B29B621AF5CDA0006EDB02 /* AvisoViewController.m */,
				87021A891AD5D9CB0033D6CE /* AppDelegate.m */,
				87021A8B1AD5D9CB0033D6CE /* ViewController.h */,
				87021A8C1AD5D9CB0033D6CE /* ViewController.m */,
				87021A8E1AD5D9CB0033D6CE /* Main.storyboard */,
				0ADB0EB71AEE29B000D0905A /* DetailCurriculumViewController.h */,
				0ADB0EB81AEE29B000D0905A /* DetailCurriculumViewController.m */,
				0ADB0EB41AEE078C00D0905A /* DetailEntrevistaViewController.h */,
				0ADB0EB51AEE078C00D0905A /* DetailEntrevistaViewController.m */,
				0ADB0EAF1AEDD0AA00D0905A /* CustomTableViewCell.h */,
				0ADB0EB01AEDD0AA00D0905A /* CustomTableViewCell.m */,
				87021AC11AD613640033D6CE /* TipsCurriculumTableViewController.h */,
				87021AC21AD613640033D6CE /* TipsCurriculumTableViewController.m */,
				0ADB0EB21AEE014D00D0905A /* TipsEntrevista.plist */,
				87021ABE1AD6131D0033D6CE /* TipsEntrevistaTableViewController.h */,
				87021ABF1AD6131D0033D6CE /* TipsEntrevistaTableViewController.m */,
				87021ABB1AD5F6240033D6CE /* PVCViewController.h */,
				87021ABC1AD5F6240033D6CE /* PVCViewController.m */,
				0ADB0EAD1AEDCFEF00D0905A /* TipsCurriculum.plist */,
				87021A911AD5D9CB0033D6CE /* Images.xcassets */,
				87021A931AD5D9CB0033D6CE /* LaunchScreen.xib */,
				87021A841AD5D9CB0033D6CE /* Supporting Files */,
			);
			path = "App CVC";
			sourceTree = "<group>";
		};
		87021A841AD5D9CB0033D6CE /* Supporting Files */ = {
			isa = PBXGroup;
			children = (
				87021A851AD5D9CB0033D6CE /* Info.plist */,
				87021A861AD5D9CB0033D6CE /* main.m */,
			);
			name = "Supporting Files";
			sourceTree = "<group>";
		};
		87021A9D1AD5D9CB0033D6CE /* App CVCTests */ = {
			isa = PBXGroup;
			children = (
				87021AA01AD5D9CB0033D6CE /* App_CVCTests.m */,
				87021A9E1AD5D9CB0033D6CE /* Supporting Files */,
			);
			path = "App CVCTests";
			sourceTree = "<group>";
		};
		87021A9E1AD5D9CB0033D6CE /* Supporting Files */ = {
			isa = PBXGroup;
			children = (
				87021A9F1AD5D9CB0033D6CE /* Info.plist */,
			);
			name = "Supporting Files";
			sourceTree = "<group>";
		};
		873F56E41AF2C674001B0F97 /* imagenesBotones */ = {
			isa = PBXGroup;
			children = (
				87FB91E51AF5C23C00835584 /* culturales.png */,
				87FB91E61AF5C23C00835584 /* estudiantiles.png */,
				87FB91CE1AF5BE9200835584 /* 147.png */,
				87FB91CF1AF5BE9200835584 /* concentracion.png */,
				87FB91D11AF5BE9200835584 /* deportivas.png */,
				87FB91D31AF5BE9200835584 /* idiomas.png */,
				87FB91D41AF5BE9200835584 /* modalidad.png */,
				87FB91D51AF5BE9200835584 /* pi.png */,
				87FB91D61AF5BE9200835584 /* rg.png */,
				87FB91D71AF5BE9200835584 /* ssc.png */,
				87FB91D81AF5BE9200835584 /* ssp.png */,
			);
			name = imagenesBotones;
			sourceTree = "<group>";
		};
		87B53D081ADCB3FC0039FFB3 /* Resources */ = {
			isa = PBXGroup;
			children = (
				873F56E91AF2D036001B0F97 /* logoTecBlanco.png */,
				87223A7A1ADDD4D700DAC2FF /* close.png */,
				87021AB61AD5E4880033D6CE /* botonAvisos.png */,
				87021AB41AD5E4810033D6CE /* botonCurriculum.png */,
				87021AB21AD5E47B0033D6CE /* botonPVC.png */,
				87021AB01AD5E4720033D6CE /* botonEntrevista.png */,
				873F56E51AF2C890001B0F97 /* CVC-Logo.png */,
			);
			name = Resources;
			sourceTree = "<group>";
		};
		87BA62101AE60CB00083543B /* Imagenes Actividades */ = {
			isa = PBXGroup;
			children = (
				87BA62111AE60CB00083543B /* 1act.png */,
				87BA62121AE60CB00083543B /* 10act.png */,
				87BA62131AE60CB00083543B /* 11act.png */,
				87BA62141AE60CB00083543B /* 2act.png */,
				87BA62151AE60CB00083543B /* 3act.png */,
				87BA62161AE60CB00083543B /* 4act.png */,
				87BA62171AE60CB00083543B /* 5act.png */,
				87BA62181AE60CB00083543B /* 6act.png */,
				87BA62191AE60CB00083543B /* 7act.png */,
				87BA621A1AE60CB00083543B /* 8act.png */,
				87BA621B1AE60CB00083543B /* 9act.png */,
			);
			name = "Imagenes Actividades";
			path = actividades;
			sourceTree = "<group>";
		};
		87C50EDB1AF68BF00065DA1A /* imagenesTips */ = {
			isa = PBXGroup;
			children = (
				87C50EDC1AF68C5E0065DA1A /* n1.jpg */,
				87C50EDD1AF68C5E0065DA1A /* n2.png */,
				87C50EDE1AF68C5E0065DA1A /* n3.png */,
				87C50EDF1AF68C5E0065DA1A /* n4.png */,
				87C50EE01AF68C5E0065DA1A /* n5.png */,
				87C50EE11AF68C5E0065DA1A /* n6.png */,
				87C50EE21AF68C5E0065DA1A /* n7.png */,
				87C50EE31AF68C5E0065DA1A /* n8.png */,
				87C50EE41AF68C5E0065DA1A /* n9.png */,
				87C50EE51AF68C5E0065DA1A /* n10.png */,
				87C50EE61AF68C5E0065DA1A /* n11.png */,
			);
			name = imagenesTips;
			sourceTree = "<group>";
		};
		87FB91E41AF5BE9A00835584 /* iconos */ = {
			isa = PBXGroup;
			children = (
			);
			name = iconos;
			sourceTree = "<group>";
		};
/* End PBXGroup section */

/* Begin PBXNativeTarget section */
		87021A801AD5D9CB0033D6CE /* App CVC */ = {
			isa = PBXNativeTarget;
			buildConfigurationList = 87021AA41AD5D9CB0033D6CE /* Build configuration list for PBXNativeTarget "App CVC" */;
			buildPhases = (
				87021A7D1AD5D9CB0033D6CE /* Sources */,
				87021A7E1AD5D9CB0033D6CE /* Frameworks */,
				87021A7F1AD5D9CB0033D6CE /* Resources */,
			);
			buildRules = (
			);
			dependencies = (
			);
			name = "App CVC";
			productName = "App CVC";
			productReference = 87021A811AD5D9CB0033D6CE /* App CVC.app */;
			productType = "com.apple.product-type.application";
		};
		87021A991AD5D9CB0033D6CE /* App CVCTests */ = {
			isa = PBXNativeTarget;
			buildConfigurationList = 87021AA71AD5D9CB0033D6CE /* Build configuration list for PBXNativeTarget "App CVCTests" */;
			buildPhases = (
				87021A961AD5D9CB0033D6CE /* Sources */,
				87021A971AD5D9CB0033D6CE /* Frameworks */,
				87021A981AD5D9CB0033D6CE /* Resources */,
			);
			buildRules = (
			);
			dependencies = (
				87021A9C1AD5D9CB0033D6CE /* PBXTargetDependency */,
			);
			name = "App CVCTests";
			productName = "App CVCTests";
			productReference = 87021A9A1AD5D9CB0033D6CE /* App CVCTests.xctest */;
			productType = "com.apple.product-type.bundle.unit-test";
		};
/* End PBXNativeTarget section */

/* Begin PBXProject section */
		87021A791AD5D9CB0033D6CE /* Project object */ = {
			isa = PBXProject;
			attributes = {
				LastUpgradeCheck = 0620;
				ORGANIZATIONNAME = ITESM;
				TargetAttributes = {
					87021A801AD5D9CB0033D6CE = {
						CreatedOnToolsVersion = 6.2;
					};
					87021A991AD5D9CB0033D6CE = {
						CreatedOnToolsVersion = 6.2;
						TestTargetID = 87021A801AD5D9CB0033D6CE;
					};
				};
			};
			buildConfigurationList = 87021A7C1AD5D9CB0033D6CE /* Build configuration list for PBXProject "App CVC" */;
			compatibilityVersion = "Xcode 3.2";
			developmentRegion = English;
			hasScannedForEncodings = 0;
			knownRegions = (
				en,
				Base,
			);
			mainGroup = 87021A781AD5D9CB0033D6CE;
			productRefGroup = 87021A821AD5D9CB0033D6CE /* Products */;
			projectDirPath = "";
			projectRoot = "";
			targets = (
				87021A801AD5D9CB0033D6CE /* App CVC */,
				87021A991AD5D9CB0033D6CE /* App CVCTests */,
			);
		};
/* End PBXProject section */

/* Begin PBXResourcesBuildPhase section */
		87021A7F1AD5D9CB0033D6CE /* Resources */ = {
			isa = PBXResourcesBuildPhase;
			buildActionMask = 2147483647;
			files = (
				87FB91E71AF5C23C00835584 /* culturales.png in Resources */,
				87B29B631AF5CDA0006EDB02 /* Avisos.plist in Resources */,
				87BA621D1AE60CB00083543B /* 10act.png in Resources */,
				87021AB31AD5E47B0033D6CE /* botonPVC.png in Resources */,
				0ADB0EAE1AEDCFEF00D0905A /* TipsCurriculum.plist in Resources */,
				87021AB71AD5E4880033D6CE /* botonAvisos.png in Resources */,
				87FB91DE1AF5BE9200835584 /* idiomas.png in Resources */,
				87BA62211AE60CB00083543B /* 4act.png in Resources */,
				87FB91E31AF5BE9200835584 /* ssp.png in Resources */,
				87021A901AD5D9CB0033D6CE /* Main.storyboard in Resources */,
				87C50EE91AF68C5E0065DA1A /* n3.png in Resources */,
				87BA62251AE60CB00083543B /* 8act.png in Resources */,
				87FB91D91AF5BE9200835584 /* 147.png in Resources */,
				87FB91DA1AF5BE9200835584 /* concentracion.png in Resources */,
				87C50EE81AF68C5E0065DA1A /* n2.png in Resources */,
				87BA621E1AE60CB00083543B /* 11act.png in Resources */,
				87C50EEB1AF68C5E0065DA1A /* n5.png in Resources */,
				873F56EA1AF2D036001B0F97 /* logoTecBlanco.png in Resources */,
				87BA62241AE60CB00083543B /* 7act.png in Resources */,
				87C50EEF1AF68C5E0065DA1A /* n9.png in Resources */,
				87FB91DC1AF5BE9200835584 /* deportivas.png in Resources */,
				87C50EEC1AF68C5E0065DA1A /* n6.png in Resources */,
				87021AB11AD5E4720033D6CE /* botonEntrevista.png in Resources */,
				87223A7B1ADDD4D700DAC2FF /* close.png in Resources */,
				87FB91E21AF5BE9200835584 /* ssc.png in Resources */,
				87C50EEE1AF68C5E0065DA1A /* n8.png in Resources */,
				87FB91E11AF5BE9200835584 /* rg.png in Resources */,
				87C50EF01AF68C5E0065DA1A /* n10.png in Resources */,
				87BA62261AE60CB00083543B /* 9act.png in Resources */,
				873F56E61AF2C890001B0F97 /* CVC-Logo.png in Resources */,
				87C50EE71AF68C5E0065DA1A /* n1.jpg in Resources */,
				87FB91E01AF5BE9200835584 /* pi.png in Resources */,
				87BA62231AE60CB00083543B /* 6act.png in Resources */,
				87021A951AD5D9CB0033D6CE /* LaunchScreen.xib in Resources */,
				87021AB51AD5E4810033D6CE /* botonCurriculum.png in Resources */,
				87FB91E81AF5C23C00835584 /* estudiantiles.png in Resources */,
				87BA62201AE60CB00083543B /* 3act.png in Resources */,
				87C50EEA1AF68C5E0065DA1A /* n4.png in Resources */,
				87BA621C1AE60CB00083543B /* 1act.png in Resources */,
				87BA621F1AE60CB00083543B /* 2act.png in Resources */,
				87BA62221AE60CB00083543B /* 5act.png in Resources */,
				87C50EF11AF68C5E0065DA1A /* n11.png in Resources */,
				0ADB0EB31AEE014D00D0905A /* TipsEntrevista.plist in Resources */,
				87021A921AD5D9CB0033D6CE /* Images.xcassets in Resources */,
				87C50EED1AF68C5E0065DA1A /* n7.png in Resources */,
				87FB91DF1AF5BE9200835584 /* modalidad.png in Resources */,
			);
			runOnlyForDeploymentPostprocessing = 0;
		};
		87021A981AD5D9CB0033D6CE /* Resources */ = {
			isa = PBXResourcesBuildPhase;
			buildActionMask = 2147483647;
			files = (
			);
			runOnlyForDeploymentPostprocessing = 0;
		};
/* End PBXResourcesBuildPhase section */

/* Begin PBXSourcesBuildPhase section */
		87021A7D1AD5D9CB0033D6CE /* Sources */ = {
			isa = PBXSourcesBuildPhase;
			buildActionMask = 2147483647;
			files = (
				87C50EDA1AF68AB80065DA1A /* TipsEntrevistaTableViewController.m in Sources */,
				87B53D091ADCC08C0039FFB3 /* PVCViewController.m in Sources */,
				87021AC31AD613640033D6CE /* TipsCurriculumTableViewController.m in Sources */,
				87B29B641AF5CDA0006EDB02 /* AvisosTableViewController.m in Sources */,
				87B29B651AF5CDA0006EDB02 /* AvisoViewController.m in Sources */,
				87021A8D1AD5D9CB0033D6CE /* ViewController.m in Sources */,
				87021A8A1AD5D9CB0033D6CE /* AppDelegate.m in Sources */,
				0ADB0EB61AEE078D00D0905A /* DetailEntrevistaViewController.m in Sources */,
				0ADB0EB11AEDD0AA00D0905A /* CustomTableViewCell.m in Sources */,
				0ADB0EB91AEE29B000D0905A /* DetailCurriculumViewController.m in Sources */,
				87021A871AD5D9CB0033D6CE /* main.m in Sources */,
			);
			runOnlyForDeploymentPostprocessing = 0;
		};
		87021A961AD5D9CB0033D6CE /* Sources */ = {
			isa = PBXSourcesBuildPhase;
			buildActionMask = 2147483647;
			files = (
				87021AA11AD5D9CB0033D6CE /* App_CVCTests.m in Sources */,
			);
			runOnlyForDeploymentPostprocessing = 0;
		};
/* End PBXSourcesBuildPhase section */

/* Begin PBXTargetDependency section */
		87021A9C1AD5D9CB0033D6CE /* PBXTargetDependency */ = {
			isa = PBXTargetDependency;
			target = 87021A801AD5D9CB0033D6CE /* App CVC */;
			targetProxy = 87021A9B1AD5D9CB0033D6CE /* PBXContainerItemProxy */;
		};
/* End PBXTargetDependency section */

/* Begin PBXVariantGroup section */
		87021A8E1AD5D9CB0033D6CE /* Main.storyboard */ = {
			isa = PBXVariantGroup;
			children = (
				87021A8F1AD5D9CB0033D6CE /* Base */,
			);
			name = Main.storyboard;
			sourceTree = "<group>";
		};
		87021A931AD5D9CB0033D6CE /* LaunchScreen.xib */ = {
			isa = PBXVariantGroup;
			children = (
				87021A941AD5D9CB0033D6CE /* Base */,
			);
			name = LaunchScreen.xib;
			sourceTree = "<group>";
		};
/* End PBXVariantGroup section */

/* Begin XCBuildConfiguration section */
		87021AA21AD5D9CB0033D6CE /* Debug */ = {
			isa = XCBuildConfiguration;
			buildSettings = {
				ALWAYS_SEARCH_USER_PATHS = NO;
				CLANG_CXX_LANGUAGE_STANDARD = "gnu++0x";
				CLANG_CXX_LIBRARY = "libc++";
				CLANG_ENABLE_MODULES = YES;
				CLANG_ENABLE_OBJC_ARC = YES;
				CLANG_WARN_BOOL_CONVERSION = YES;
				CLANG_WARN_CONSTANT_CONVERSION = YES;
				CLANG_WARN_DIRECT_OBJC_ISA_USAGE = YES_ERROR;
				CLANG_WARN_EMPTY_BODY = YES;
				CLANG_WARN_ENUM_CONVERSION = YES;
				CLANG_WARN_INT_CONVERSION = YES;
				CLANG_WARN_OBJC_ROOT_CLASS = YES_ERROR;
				CLANG_WARN_UNREACHABLE_CODE = YES;
				CLANG_WARN__DUPLICATE_METHOD_MATCH = YES;
				"CODE_SIGN_IDENTITY[sdk=iphoneos*]" = "iPhone Developer";
				COPY_PHASE_STRIP = NO;
				ENABLE_STRICT_OBJC_MSGSEND = YES;
				GCC_C_LANGUAGE_STANDARD = gnu99;
				GCC_DYNAMIC_NO_PIC = NO;
				GCC_OPTIMIZATION_LEVEL = 0;
				GCC_PREPROCESSOR_DEFINITIONS = (
					"DEBUG=1",
					"$(inherited)",
				);
				GCC_SYMBOLS_PRIVATE_EXTERN = NO;
				GCC_WARN_64_TO_32_BIT_CONVERSION = YES;
				GCC_WARN_ABOUT_RETURN_TYPE = YES_ERROR;
				GCC_WARN_UNDECLARED_SELECTOR = YES;
				GCC_WARN_UNINITIALIZED_AUTOS = YES_AGGRESSIVE;
				GCC_WARN_UNUSED_FUNCTION = YES;
				GCC_WARN_UNUSED_VARIABLE = YES;
				IPHONEOS_DEPLOYMENT_TARGET = 8.2;
				MTL_ENABLE_DEBUG_INFO = YES;
				ONLY_ACTIVE_ARCH = YES;
				SDKROOT = iphoneos;
			};
			name = Debug;
		};
		87021AA31AD5D9CB0033D6CE /* Release */ = {
			isa = XCBuildConfiguration;
			buildSettings = {
				ALWAYS_SEARCH_USER_PATHS = NO;
				CLANG_CXX_LANGUAGE_STANDARD = "gnu++0x";
				CLANG_CXX_LIBRARY = "libc++";
				CLANG_ENABLE_MODULES = YES;
				CLANG_ENABLE_OBJC_ARC = YES;
				CLANG_WARN_BOOL_CONVERSION = YES;
				CLANG_WARN_CONSTANT_CONVERSION = YES;
				CLANG_WARN_DIRECT_OBJC_ISA_USAGE = YES_ERROR;
				CLANG_WARN_EMPTY_BODY = YES;
				CLANG_WARN_ENUM_CONVERSION = YES;
				CLANG_WARN_INT_CONVERSION = YES;
				CLANG_WARN_OBJC_ROOT_CLASS = YES_ERROR;
				CLANG_WARN_UNREACHABLE_CODE = YES;
				CLANG_WARN__DUPLICATE_METHOD_MATCH = YES;
				"CODE_SIGN_IDENTITY[sdk=iphoneos*]" = "iPhone Developer";
				COPY_PHASE_STRIP = NO;
				ENABLE_NS_ASSERTIONS = NO;
				ENABLE_STRICT_OBJC_MSGSEND = YES;
				GCC_C_LANGUAGE_STANDARD = gnu99;
				GCC_WARN_64_TO_32_BIT_CONVERSION = YES;
				GCC_WARN_ABOUT_RETURN_TYPE = YES_ERROR;
				GCC_WARN_UNDECLARED_SELECTOR = YES;
				GCC_WARN_UNINITIALIZED_AUTOS = YES_AGGRESSIVE;
				GCC_WARN_UNUSED_FUNCTION = YES;
				GCC_WARN_UNUSED_VARIABLE = YES;
				IPHONEOS_DEPLOYMENT_TARGET = 8.2;
				MTL_ENABLE_DEBUG_INFO = NO;
				SDKROOT = iphoneos;
				VALIDATE_PRODUCT = YES;
			};
			name = Release;
		};
		87021AA51AD5D9CB0033D6CE /* Debug */ = {
			isa = XCBuildConfiguration;
			buildSettings = {
				ASSETCATALOG_COMPILER_APPICON_NAME = AppIcon;
				INFOPLIST_FILE = "App CVC/Info.plist";
				IPHONEOS_DEPLOYMENT_TARGET = 8.2;
				LD_RUNPATH_SEARCH_PATHS = "$(inherited) @executable_path/Frameworks";
				PRODUCT_NAME = "$(TARGET_NAME)";
			};
			name = Debug;
		};
		87021AA61AD5D9CB0033D6CE /* Release */ = {
			isa = XCBuildConfiguration;
			buildSettings = {
				ASSETCATALOG_COMPILER_APPICON_NAME = AppIcon;
				INFOPLIST_FILE = "App CVC/Info.plist";
				IPHONEOS_DEPLOYMENT_TARGET = 8.2;
				LD_RUNPATH_SEARCH_PATHS = "$(inherited) @executable_path/Frameworks";
				PRODUCT_NAME = "$(TARGET_NAME)";
			};
			name = Release;
		};
		87021AA81AD5D9CB0033D6CE /* Debug */ = {
			isa = XCBuildConfiguration;
			buildSettings = {
				BUNDLE_LOADER = "$(TEST_HOST)";
				FRAMEWORK_SEARCH_PATHS = (
					"$(SDKROOT)/Developer/Library/Frameworks",
					"$(inherited)",
				);
				GCC_PREPROCESSOR_DEFINITIONS = (
					"DEBUG=1",
					"$(inherited)",
				);
				INFOPLIST_FILE = "App CVCTests/Info.plist";
				LD_RUNPATH_SEARCH_PATHS = "$(inherited) @executable_path/Frameworks @loader_path/Frameworks";
				PRODUCT_NAME = "$(TARGET_NAME)";
				TEST_HOST = "$(BUILT_PRODUCTS_DIR)/App CVC.app/App CVC";
			};
			name = Debug;
		};
		87021AA91AD5D9CB0033D6CE /* Release */ = {
			isa = XCBuildConfiguration;
			buildSettings = {
				BUNDLE_LOADER = "$(TEST_HOST)";
				FRAMEWORK_SEARCH_PATHS = (
					"$(SDKROOT)/Developer/Library/Frameworks",
					"$(inherited)",
				);
				INFOPLIST_FILE = "App CVCTests/Info.plist";
				LD_RUNPATH_SEARCH_PATHS = "$(inherited) @executable_path/Frameworks @loader_path/Frameworks";
				PRODUCT_NAME = "$(TARGET_NAME)";
				TEST_HOST = "$(BUILT_PRODUCTS_DIR)/App CVC.app/App CVC";
			};
			name = Release;
		};
/* End XCBuildConfiguration section */

/* Begin XCConfigurationList section */
		87021A7C1AD5D9CB0033D6CE /* Build configuration list for PBXProject "App CVC" */ = {
			isa = XCConfigurationList;
			buildConfigurations = (
				87021AA21AD5D9CB0033D6CE /* Debug */,
				87021AA31AD5D9CB0033D6CE /* Release */,
			);
			defaultConfigurationIsVisible = 0;
			defaultConfigurationName = Release;
		};
		87021AA41AD5D9CB0033D6CE /* Build configuration list for PBXNativeTarget "App CVC" */ = {
			isa = XCConfigurationList;
			buildConfigurations = (
				87021AA51AD5D9CB0033D6CE /* Debug */,
				87021AA61AD5D9CB0033D6CE /* Release */,
			);
			defaultConfigurationIsVisible = 0;
			defaultConfigurationName = Release;
		};
		87021AA71AD5D9CB0033D6CE /* Build configuration list for PBXNativeTarget "App CVCTests" */ = {
			isa = XCConfigurationList;
			buildConfigurations = (
				87021AA81AD5D9CB0033D6CE /* Debug */,
				87021AA91AD5D9CB0033D6CE /* Release */,
			);
			defaultConfigurationIsVisible = 0;
			defaultConfigurationName = Release;
		};
/* End XCConfigurationList section */
	};
	rootObject = 87021A791AD5D9CB0033D6CE /* Project object */;
}
